// !$*UTF8*$!
{
	archiveVersion = 1;
	classes = {
	};
	objectVersion = 56;
	objects = {

/* Begin PBXBuildFile section */
		36B955B6296CB743006A0467 /* AppDelegate.swift in Sources */ = {isa = PBXBuildFile; fileRef = 36B955B5296CB743006A0467 /* AppDelegate.swift */; };
		36B955B8296CB743006A0467 /* SceneDelegate.swift in Sources */ = {isa = PBXBuildFile; fileRef = 36B955B7296CB743006A0467 /* SceneDelegate.swift */; };
		36B955C2296CB744006A0467 /* LaunchScreen.storyboard in Resources */ = {isa = PBXBuildFile; fileRef = 36B955C0296CB744006A0467 /* LaunchScreen.storyboard */; };
		36B955CC296CBA2D006A0467 /* LoginView.swift in Sources */ = {isa = PBXBuildFile; fileRef = 36B955CB296CBA2D006A0467 /* LoginView.swift */; };
		36B955CE296CBABA006A0467 /* LoginViewController.swift in Sources */ = {isa = PBXBuildFile; fileRef = 36B955CD296CBABA006A0467 /* LoginViewController.swift */; };
		36B955D1296CBCD7006A0467 /* PasswordChangeViewController.swift in Sources */ = {isa = PBXBuildFile; fileRef = 36B955D0296CBCD7006A0467 /* PasswordChangeViewController.swift */; };
		36B955D3296CBCF4006A0467 /* PasswordChangeView.swift in Sources */ = {isa = PBXBuildFile; fileRef = 36B955D2296CBCF4006A0467 /* PasswordChangeView.swift */; };
		36B955D6296CBD87006A0467 /* RegisterView.swift in Sources */ = {isa = PBXBuildFile; fileRef = 36B955D5296CBD87006A0467 /* RegisterView.swift */; };
		36B955D8296CBD9E006A0467 /* RegisterViewController.swift in Sources */ = {isa = PBXBuildFile; fileRef = 36B955D7296CBD9E006A0467 /* RegisterViewController.swift */; };
		BE00C865296DF19800DC1F3D /* FirebaseAuth in Frameworks */ = {isa = PBXBuildFile; productRef = BE00C864296DF19800DC1F3D /* FirebaseAuth */; };
		BE00C867296DF19800DC1F3D /* FirebaseFirestore in Frameworks */ = {isa = PBXBuildFile; productRef = BE00C866296DF19800DC1F3D /* FirebaseFirestore */; };
		BE00C869296DF19800DC1F3D /* FirebaseStorage in Frameworks */ = {isa = PBXBuildFile; productRef = BE00C868296DF19800DC1F3D /* FirebaseStorage */; };
		BE00C86B296DFD3800DC1F3D /* GoogleService-Info.plist in Resources */ = {isa = PBXBuildFile; fileRef = BE00C86A296DFD3800DC1F3D /* GoogleService-Info.plist */; };
		BE00C86E296E0C4600DC1F3D /* TabBarController.swift in Sources */ = {isa = PBXBuildFile; fileRef = BE00C86D296E0C4600DC1F3D /* TabBarController.swift */; };
		BE00C871296E109F00DC1F3D /* HomeViewController.swift in Sources */ = {isa = PBXBuildFile; fileRef = BE00C870296E109F00DC1F3D /* HomeViewController.swift */; };
		BE00C873296E10AC00DC1F3D /* HomeView.swift in Sources */ = {isa = PBXBuildFile; fileRef = BE00C872296E10AC00DC1F3D /* HomeView.swift */; };
		BE00C877296E14E800DC1F3D /* HomeCollectionViewCell.swift in Sources */ = {isa = PBXBuildFile; fileRef = BE00C876296E14E800DC1F3D /* HomeCollectionViewCell.swift */; };
		BE0A502A2971926200F08F62 /* GenericRequest.swift in Sources */ = {isa = PBXBuildFile; fileRef = BE0A50292971926200F08F62 /* GenericRequest.swift */; };
		BE0A502C297192BB00F08F62 /* CharactersRequest.swift in Sources */ = {isa = PBXBuildFile; fileRef = BE0A502B297192BB00F08F62 /* CharactersRequest.swift */; };
		BE0A502E2971931500F08F62 /* Charactere.swift in Sources */ = {isa = PBXBuildFile; fileRef = BE0A502D2971931500F08F62 /* Charactere.swift */; };
		BE0A50312971941000F08F62 /* AlamofireImage in Frameworks */ = {isa = PBXBuildFile; productRef = BE0A50302971941000F08F62 /* AlamofireImage */; };
		BE0A50342971948C00F08F62 /* HomeViewModel.swift in Sources */ = {isa = PBXBuildFile; fileRef = BE0A50332971948C00F08F62 /* HomeViewModel.swift */; };
		BE0A503629719B1B00F08F62 /* CharacterDetailsViewModel.swift in Sources */ = {isa = PBXBuildFile; fileRef = BE0A503529719B1B00F08F62 /* CharacterDetailsViewModel.swift */; };
		BE3F6F2F296F62CE00E2C124 /* FavoritesViewController.swift in Sources */ = {isa = PBXBuildFile; fileRef = BE3F6F2E296F62CE00E2C124 /* FavoritesViewController.swift */; };
		BE3F6F31296F62E100E2C124 /* FavoritesView.swift in Sources */ = {isa = PBXBuildFile; fileRef = BE3F6F30296F62E100E2C124 /* FavoritesView.swift */; };
		BE3FD8B729758B200027D364 /* EmptyTableViewCell.swift in Sources */ = {isa = PBXBuildFile; fileRef = BE3FD8B629758B200027D364 /* EmptyTableViewCell.swift */; };
		BE3FD8B929759A550027D364 /* ErrorCollectionViewCell.swift in Sources */ = {isa = PBXBuildFile; fileRef = BE3FD8B829759A550027D364 /* ErrorCollectionViewCell.swift */; };
		BE3FD8BB2975C0AD0027D364 /* EmptyCollectionViewCell.swift in Sources */ = {isa = PBXBuildFile; fileRef = BE3FD8BA2975C0AD0027D364 /* EmptyCollectionViewCell.swift */; };
		BE4A44FB2970075500557648 /* FavoriteCharacter.swift in Sources */ = {isa = PBXBuildFile; fileRef = BE4A44FA2970075500557648 /* FavoriteCharacter.swift */; };
		BE4A44FD29700B0000557648 /* FavoritesTableViewCell.swift in Sources */ = {isa = PBXBuildFile; fileRef = BE4A44FC29700B0000557648 /* FavoritesTableViewCell.swift */; };
		BE4A450129705F8900557648 /* ProfileView.swift in Sources */ = {isa = PBXBuildFile; fileRef = BE4A450029705F8900557648 /* ProfileView.swift */; };
		BE4A450329705F9900557648 /* ProfileViewController.swift in Sources */ = {isa = PBXBuildFile; fileRef = BE4A450229705F9900557648 /* ProfileViewController.swift */; };
		BE58D5E62972AF8400D9E9C4 /* ProfileViewModel.swift in Sources */ = {isa = PBXBuildFile; fileRef = BE58D5E52972AF8400D9E9C4 /* ProfileViewModel.swift */; };
		BE58D5EC2972CB1A00D9E9C4 /* FavoritesViewModel.swift in Sources */ = {isa = PBXBuildFile; fileRef = BE58D5EB2972CB1A00D9E9C4 /* FavoritesViewModel.swift */; };
		BE6C12F629743F4C00CBF71F /* Alert.swift in Sources */ = {isa = PBXBuildFile; fileRef = BE6C12F529743F4C00CBF71F /* Alert.swift */; };
		BE703450297614230098D2D8 /* Assets.xcassets in Resources */ = {isa = PBXBuildFile; fileRef = BE70344F297614220098D2D8 /* Assets.xcassets */; };
		BEC5C865296F2AB300FF977E /* CharacterDetailsViewController.swift in Sources */ = {isa = PBXBuildFile; fileRef = BEC5C864296F2AB300FF977E /* CharacterDetailsViewController.swift */; };
		BEC5C867296F2AC700FF977E /* CharacterDetailsView.swift in Sources */ = {isa = PBXBuildFile; fileRef = BEC5C866296F2AC700FF977E /* CharacterDetailsView.swift */; };
		BEC5C86B296F4ED400FF977E /* Enums.swift in Sources */ = {isa = PBXBuildFile; fileRef = BEC5C86A296F4ED400FF977E /* Enums.swift */; };
		BEC5C86E296F52EB00FF977E /* CALayer.swift in Sources */ = {isa = PBXBuildFile; fileRef = BEC5C86D296F52EB00FF977E /* CALayer.swift */; };
		BEDB490629732D140052D419 /* UserData.swift in Sources */ = {isa = PBXBuildFile; fileRef = BEDB490529732D140052D419 /* UserData.swift */; };
/* End PBXBuildFile section */

/* Begin PBXFileReference section */
		36B955B2296CB743006A0467 /* Harry Potter.app */ = {isa = PBXFileReference; explicitFileType = wrapper.application; includeInIndex = 0; path = "Harry Potter.app"; sourceTree = BUILT_PRODUCTS_DIR; };
		36B955B5296CB743006A0467 /* AppDelegate.swift */ = {isa = PBXFileReference; lastKnownFileType = sourcecode.swift; path = AppDelegate.swift; sourceTree = "<group>"; };
		36B955B7296CB743006A0467 /* SceneDelegate.swift */ = {isa = PBXFileReference; lastKnownFileType = sourcecode.swift; path = SceneDelegate.swift; sourceTree = "<group>"; };
		36B955C1296CB744006A0467 /* Base */ = {isa = PBXFileReference; lastKnownFileType = file.storyboard; name = Base; path = Base.lproj/LaunchScreen.storyboard; sourceTree = "<group>"; };
		36B955C3296CB744006A0467 /* Info.plist */ = {isa = PBXFileReference; lastKnownFileType = text.plist.xml; path = Info.plist; sourceTree = "<group>"; };
		36B955CB296CBA2D006A0467 /* LoginView.swift */ = {isa = PBXFileReference; lastKnownFileType = sourcecode.swift; path = LoginView.swift; sourceTree = "<group>"; };
		36B955CD296CBABA006A0467 /* LoginViewController.swift */ = {isa = PBXFileReference; lastKnownFileType = sourcecode.swift; path = LoginViewController.swift; sourceTree = "<group>"; };
		36B955D0296CBCD7006A0467 /* PasswordChangeViewController.swift */ = {isa = PBXFileReference; lastKnownFileType = sourcecode.swift; path = PasswordChangeViewController.swift; sourceTree = "<group>"; };
		36B955D2296CBCF4006A0467 /* PasswordChangeView.swift */ = {isa = PBXFileReference; lastKnownFileType = sourcecode.swift; path = PasswordChangeView.swift; sourceTree = "<group>"; };
		36B955D5296CBD87006A0467 /* RegisterView.swift */ = {isa = PBXFileReference; lastKnownFileType = sourcecode.swift; path = RegisterView.swift; sourceTree = "<group>"; };
		36B955D7296CBD9E006A0467 /* RegisterViewController.swift */ = {isa = PBXFileReference; lastKnownFileType = sourcecode.swift; path = RegisterViewController.swift; sourceTree = "<group>"; };
		BE00C86A296DFD3800DC1F3D /* GoogleService-Info.plist */ = {isa = PBXFileReference; fileEncoding = 4; lastKnownFileType = text.plist.xml; path = "GoogleService-Info.plist"; sourceTree = "<group>"; };
		BE00C86D296E0C4600DC1F3D /* TabBarController.swift */ = {isa = PBXFileReference; lastKnownFileType = sourcecode.swift; path = TabBarController.swift; sourceTree = "<group>"; };
		BE00C870296E109F00DC1F3D /* HomeViewController.swift */ = {isa = PBXFileReference; lastKnownFileType = sourcecode.swift; path = HomeViewController.swift; sourceTree = "<group>"; };
		BE00C872296E10AC00DC1F3D /* HomeView.swift */ = {isa = PBXFileReference; lastKnownFileType = sourcecode.swift; path = HomeView.swift; sourceTree = "<group>"; };
		BE00C876296E14E800DC1F3D /* HomeCollectionViewCell.swift */ = {isa = PBXFileReference; lastKnownFileType = sourcecode.swift; path = HomeCollectionViewCell.swift; sourceTree = "<group>"; };
		BE0A50292971926200F08F62 /* GenericRequest.swift */ = {isa = PBXFileReference; lastKnownFileType = sourcecode.swift; path = GenericRequest.swift; sourceTree = "<group>"; };
		BE0A502B297192BB00F08F62 /* CharactersRequest.swift */ = {isa = PBXFileReference; lastKnownFileType = sourcecode.swift; path = CharactersRequest.swift; sourceTree = "<group>"; };
		BE0A502D2971931500F08F62 /* Charactere.swift */ = {isa = PBXFileReference; lastKnownFileType = sourcecode.swift; path = Charactere.swift; sourceTree = "<group>"; };
		BE0A50332971948C00F08F62 /* HomeViewModel.swift */ = {isa = PBXFileReference; lastKnownFileType = sourcecode.swift; path = HomeViewModel.swift; sourceTree = "<group>"; };
		BE0A503529719B1B00F08F62 /* CharacterDetailsViewModel.swift */ = {isa = PBXFileReference; lastKnownFileType = sourcecode.swift; path = CharacterDetailsViewModel.swift; sourceTree = "<group>"; };
		BE3F6F2E296F62CE00E2C124 /* FavoritesViewController.swift */ = {isa = PBXFileReference; lastKnownFileType = sourcecode.swift; path = FavoritesViewController.swift; sourceTree = "<group>"; };
		BE3F6F30296F62E100E2C124 /* FavoritesView.swift */ = {isa = PBXFileReference; lastKnownFileType = sourcecode.swift; path = FavoritesView.swift; sourceTree = "<group>"; };
		BE3FD8B629758B200027D364 /* EmptyTableViewCell.swift */ = {isa = PBXFileReference; lastKnownFileType = sourcecode.swift; path = EmptyTableViewCell.swift; sourceTree = "<group>"; };
		BE3FD8B829759A550027D364 /* ErrorCollectionViewCell.swift */ = {isa = PBXFileReference; lastKnownFileType = sourcecode.swift; path = ErrorCollectionViewCell.swift; sourceTree = "<group>"; };
		BE3FD8BA2975C0AD0027D364 /* EmptyCollectionViewCell.swift */ = {isa = PBXFileReference; lastKnownFileType = sourcecode.swift; path = EmptyCollectionViewCell.swift; sourceTree = "<group>"; };
		BE4A44FA2970075500557648 /* FavoriteCharacter.swift */ = {isa = PBXFileReference; lastKnownFileType = sourcecode.swift; path = FavoriteCharacter.swift; sourceTree = "<group>"; };
		BE4A44FC29700B0000557648 /* FavoritesTableViewCell.swift */ = {isa = PBXFileReference; lastKnownFileType = sourcecode.swift; path = FavoritesTableViewCell.swift; sourceTree = "<group>"; };
		BE4A450029705F8900557648 /* ProfileView.swift */ = {isa = PBXFileReference; lastKnownFileType = sourcecode.swift; path = ProfileView.swift; sourceTree = "<group>"; };
		BE4A450229705F9900557648 /* ProfileViewController.swift */ = {isa = PBXFileReference; lastKnownFileType = sourcecode.swift; path = ProfileViewController.swift; sourceTree = "<group>"; };
		BE58D5E52972AF8400D9E9C4 /* ProfileViewModel.swift */ = {isa = PBXFileReference; lastKnownFileType = sourcecode.swift; path = ProfileViewModel.swift; sourceTree = "<group>"; };
		BE58D5EB2972CB1A00D9E9C4 /* FavoritesViewModel.swift */ = {isa = PBXFileReference; lastKnownFileType = sourcecode.swift; path = FavoritesViewModel.swift; sourceTree = "<group>"; };
		BE6C12F529743F4C00CBF71F /* Alert.swift */ = {isa = PBXFileReference; lastKnownFileType = sourcecode.swift; path = Alert.swift; sourceTree = "<group>"; };
		BE70344F297614220098D2D8 /* Assets.xcassets */ = {isa = PBXFileReference; lastKnownFileType = folder.assetcatalog; path = Assets.xcassets; sourceTree = "<group>"; };
		BEC5C864296F2AB300FF977E /* CharacterDetailsViewController.swift */ = {isa = PBXFileReference; lastKnownFileType = sourcecode.swift; path = CharacterDetailsViewController.swift; sourceTree = "<group>"; };
		BEC5C866296F2AC700FF977E /* CharacterDetailsView.swift */ = {isa = PBXFileReference; lastKnownFileType = sourcecode.swift; path = CharacterDetailsView.swift; sourceTree = "<group>"; };
		BEC5C86A296F4ED400FF977E /* Enums.swift */ = {isa = PBXFileReference; lastKnownFileType = sourcecode.swift; path = Enums.swift; sourceTree = "<group>"; };
		BEC5C86D296F52EB00FF977E /* CALayer.swift */ = {isa = PBXFileReference; lastKnownFileType = sourcecode.swift; path = CALayer.swift; sourceTree = "<group>"; };
		BEDB490529732D140052D419 /* UserData.swift */ = {isa = PBXFileReference; lastKnownFileType = sourcecode.swift; path = UserData.swift; sourceTree = "<group>"; };
/* End PBXFileReference section */

/* Begin PBXFrameworksBuildPhase section */
		36B955AF296CB743006A0467 /* Frameworks */ = {
			isa = PBXFrameworksBuildPhase;
			buildActionMask = 2147483647;
			files = (
				BE00C865296DF19800DC1F3D /* FirebaseAuth in Frameworks */,
				BE0A50312971941000F08F62 /* AlamofireImage in Frameworks */,
				BE00C867296DF19800DC1F3D /* FirebaseFirestore in Frameworks */,
				BE00C869296DF19800DC1F3D /* FirebaseStorage in Frameworks */,
			);
			runOnlyForDeploymentPostprocessing = 0;
		};
/* End PBXFrameworksBuildPhase section */

/* Begin PBXGroup section */
		36B955A9296CB743006A0467 = {
			isa = PBXGroup;
			children = (
				36B955B4296CB743006A0467 /* Harry Potter */,
				36B955B3296CB743006A0467 /* Products */,
			);
			sourceTree = "<group>";
		};
		36B955B3296CB743006A0467 /* Products */ = {
			isa = PBXGroup;
			children = (
				36B955B2296CB743006A0467 /* Harry Potter.app */,
			);
			name = Products;
			sourceTree = "<group>";
		};
		36B955B4296CB743006A0467 /* Harry Potter */ = {
			isa = PBXGroup;
			children = (
				BE6C12F429743ECD00CBF71F /* Alert */,
				BE0A50282971925000F08F62 /* Request */,
				BE4A44F92970073900557648 /* Models */,
				BEC5C869296F4EBF00FF977E /* Enums */,
				BEC5C86C296F52DC00FF977E /* Extension */,
				36B955C9296CB9E3006A0467 /* Features */,
				36B955B5296CB743006A0467 /* AppDelegate.swift */,
				36B955B7296CB743006A0467 /* SceneDelegate.swift */,
				BE00C86A296DFD3800DC1F3D /* GoogleService-Info.plist */,
				BE70344F297614220098D2D8 /* Assets.xcassets */,
				36B955C0296CB744006A0467 /* LaunchScreen.storyboard */,
				36B955C3296CB744006A0467 /* Info.plist */,
			);
			path = "Harry Potter";
			sourceTree = "<group>";
		};
		36B955C9296CB9E3006A0467 /* Features */ = {
			isa = PBXGroup;
			children = (
				BE4A44FE29705F5900557648 /* Profile */,
				BE3F6F2D296F62B400E2C124 /* Favorites */,
				BEC5C863296F2A9900FF977E /* CharacterDetails */,
				BE00C86F296E108A00DC1F3D /* Home */,
				BE00C86C296E0C1700DC1F3D /* TabBar */,
				36B955D4296CBD64006A0467 /* Register */,
				36B955CF296CBC92006A0467 /* PasswordsChange */,
				36B955CA296CB9FE006A0467 /* Login */,
			);
			path = Features;
			sourceTree = "<group>";
		};
		36B955CA296CB9FE006A0467 /* Login */ = {
			isa = PBXGroup;
			children = (
				36B955CB296CBA2D006A0467 /* LoginView.swift */,
				36B955CD296CBABA006A0467 /* LoginViewController.swift */,
			);
			path = Login;
			sourceTree = "<group>";
		};
		36B955CF296CBC92006A0467 /* PasswordsChange */ = {
			isa = PBXGroup;
			children = (
				36B955D2296CBCF4006A0467 /* PasswordChangeView.swift */,
				36B955D0296CBCD7006A0467 /* PasswordChangeViewController.swift */,
			);
			path = PasswordsChange;
			sourceTree = "<group>";
		};
		36B955D4296CBD64006A0467 /* Register */ = {
			isa = PBXGroup;
			children = (
				36B955D5296CBD87006A0467 /* RegisterView.swift */,
				36B955D7296CBD9E006A0467 /* RegisterViewController.swift */,
			);
			path = Register;
			sourceTree = "<group>";
		};
		BE00C86C296E0C1700DC1F3D /* TabBar */ = {
			isa = PBXGroup;
			children = (
				BE00C86D296E0C4600DC1F3D /* TabBarController.swift */,
			);
			path = TabBar;
			sourceTree = "<group>";
		};
		BE00C86F296E108A00DC1F3D /* Home */ = {
			isa = PBXGroup;
			children = (
				BE00C875296E14D300DC1F3D /* Cell */,
				BE00C872296E10AC00DC1F3D /* HomeView.swift */,
				BE00C870296E109F00DC1F3D /* HomeViewController.swift */,
				BE0A50332971948C00F08F62 /* HomeViewModel.swift */,
			);
			path = Home;
			sourceTree = "<group>";
		};
		BE00C875296E14D300DC1F3D /* Cell */ = {
			isa = PBXGroup;
			children = (
				BE00C876296E14E800DC1F3D /* HomeCollectionViewCell.swift */,
				BE3FD8B829759A550027D364 /* ErrorCollectionViewCell.swift */,
				BE3FD8BA2975C0AD0027D364 /* EmptyCollectionViewCell.swift */,
			);
			path = Cell;
			sourceTree = "<group>";
		};
		BE0A50282971925000F08F62 /* Request */ = {
			isa = PBXGroup;
			children = (
				BE0A50292971926200F08F62 /* GenericRequest.swift */,
				BE0A502B297192BB00F08F62 /* CharactersRequest.swift */,
			);
			path = Request;
			sourceTree = "<group>";
		};
		BE3F6F2D296F62B400E2C124 /* Favorites */ = {
			isa = PBXGroup;
			children = (
				BE3F6F32296F655600E2C124 /* Cell */,
				BE3F6F30296F62E100E2C124 /* FavoritesView.swift */,
				BE3F6F2E296F62CE00E2C124 /* FavoritesViewController.swift */,
				BE58D5EB2972CB1A00D9E9C4 /* FavoritesViewModel.swift */,
			);
			path = Favorites;
			sourceTree = "<group>";
		};
		BE3F6F32296F655600E2C124 /* Cell */ = {
			isa = PBXGroup;
			children = (
				BE3FD8B629758B200027D364 /* EmptyTableViewCell.swift */,
				BE4A44FC29700B0000557648 /* FavoritesTableViewCell.swift */,
			);
			path = Cell;
			sourceTree = "<group>";
		};
		BE4A44F92970073900557648 /* Models */ = {
			isa = PBXGroup;
			children = (
				BE4A44FA2970075500557648 /* FavoriteCharacter.swift */,
				BE0A502D2971931500F08F62 /* Charactere.swift */,
				BEDB490529732D140052D419 /* UserData.swift */,
			);
			path = Models;
			sourceTree = "<group>";
		};
		BE4A44FE29705F5900557648 /* Profile */ = {
			isa = PBXGroup;
			children = (
				BE4A450029705F8900557648 /* ProfileView.swift */,
				BE4A450229705F9900557648 /* ProfileViewController.swift */,
				BE58D5E52972AF8400D9E9C4 /* ProfileViewModel.swift */,
			);
			path = Profile;
			sourceTree = "<group>";
		};
		BE6C12F429743ECD00CBF71F /* Alert */ = {
			isa = PBXGroup;
			children = (
				BE6C12F529743F4C00CBF71F /* Alert.swift */,
			);
			path = Alert;
			sourceTree = "<group>";
		};
		BEC5C863296F2A9900FF977E /* CharacterDetails */ = {
			isa = PBXGroup;
			children = (
				BEC5C866296F2AC700FF977E /* CharacterDetailsView.swift */,
				BEC5C864296F2AB300FF977E /* CharacterDetailsViewController.swift */,
				BE0A503529719B1B00F08F62 /* CharacterDetailsViewModel.swift */,
			);
			path = CharacterDetails;
			sourceTree = "<group>";
		};
		BEC5C869296F4EBF00FF977E /* Enums */ = {
			isa = PBXGroup;
			children = (
				BEC5C86A296F4ED400FF977E /* Enums.swift */,
			);
			path = Enums;
			sourceTree = "<group>";
		};
		BEC5C86C296F52DC00FF977E /* Extension */ = {
			isa = PBXGroup;
			children = (
				BEC5C86D296F52EB00FF977E /* CALayer.swift */,
			);
			path = Extension;
			sourceTree = "<group>";
		};
/* End PBXGroup section */

/* Begin PBXNativeTarget section */
		36B955B1296CB743006A0467 /* Harry Potter */ = {
			isa = PBXNativeTarget;
			buildConfigurationList = 36B955C6296CB744006A0467 /* Build configuration list for PBXNativeTarget "Harry Potter" */;
			buildPhases = (
				36B955AE296CB743006A0467 /* Sources */,
				36B955AF296CB743006A0467 /* Frameworks */,
				36B955B0296CB743006A0467 /* Resources */,
			);
			buildRules = (
			);
			dependencies = (
			);
			name = "Harry Potter";
			packageProductDependencies = (
				BE00C864296DF19800DC1F3D /* FirebaseAuth */,
				BE00C866296DF19800DC1F3D /* FirebaseFirestore */,
				BE00C868296DF19800DC1F3D /* FirebaseStorage */,
				BE0A50302971941000F08F62 /* AlamofireImage */,
			);
			productName = "Harry Potter";
			productReference = 36B955B2296CB743006A0467 /* Harry Potter.app */;
			productType = "com.apple.product-type.application";
		};
/* End PBXNativeTarget section */

/* Begin PBXProject section */
		36B955AA296CB743006A0467 /* Project object */ = {
			isa = PBXProject;
			attributes = {
				BuildIndependentTargetsInParallel = 1;
				LastSwiftUpdateCheck = 1410;
				LastUpgradeCheck = 1410;
				TargetAttributes = {
					36B955B1296CB743006A0467 = {
						CreatedOnToolsVersion = 14.1;
					};
				};
			};
			buildConfigurationList = 36B955AD296CB743006A0467 /* Build configuration list for PBXProject "Harry Potter" */;
			compatibilityVersion = "Xcode 14.0";
			developmentRegion = en;
			hasScannedForEncodings = 0;
			knownRegions = (
				en,
				Base,
			);
			mainGroup = 36B955A9296CB743006A0467;
			packageReferences = (
				BE00C863296DF19800DC1F3D /* XCRemoteSwiftPackageReference "firebase-ios-sdk" */,
				BE0A502F2971941000F08F62 /* XCRemoteSwiftPackageReference "AlamofireImage" */,
			);
			productRefGroup = 36B955B3296CB743006A0467 /* Products */;
			projectDirPath = "";
			projectRoot = "";
			targets = (
				36B955B1296CB743006A0467 /* Harry Potter */,
			);
		};
/* End PBXProject section */

/* Begin PBXResourcesBuildPhase section */
		36B955B0296CB743006A0467 /* Resources */ = {
			isa = PBXResourcesBuildPhase;
			buildActionMask = 2147483647;
			files = (
				36B955C2296CB744006A0467 /* LaunchScreen.storyboard in Resources */,
				BE703450297614230098D2D8 /* Assets.xcassets in Resources */,
				BE00C86B296DFD3800DC1F3D /* GoogleService-Info.plist in Resources */,
			);
			runOnlyForDeploymentPostprocessing = 0;
		};
/* End PBXResourcesBuildPhase section */

/* Begin PBXSourcesBuildPhase section */
		36B955AE296CB743006A0467 /* Sources */ = {
			isa = PBXSourcesBuildPhase;
			buildActionMask = 2147483647;
			files = (
				BE58D5EC2972CB1A00D9E9C4 /* FavoritesViewModel.swift in Sources */,
				BEC5C865296F2AB300FF977E /* CharacterDetailsViewController.swift in Sources */,
				36B955CE296CBABA006A0467 /* LoginViewController.swift in Sources */,
				36B955CC296CBA2D006A0467 /* LoginView.swift in Sources */,
				BE0A502A2971926200F08F62 /* GenericRequest.swift in Sources */,
				BE3FD8B729758B200027D364 /* EmptyTableViewCell.swift in Sources */,
				BEC5C867296F2AC700FF977E /* CharacterDetailsView.swift in Sources */,
				36B955D1296CBCD7006A0467 /* PasswordChangeViewController.swift in Sources */,
				BE58D5E62972AF8400D9E9C4 /* ProfileViewModel.swift in Sources */,
				BE00C86E296E0C4600DC1F3D /* TabBarController.swift in Sources */,
				BE4A450329705F9900557648 /* ProfileViewController.swift in Sources */,
				BEC5C86B296F4ED400FF977E /* Enums.swift in Sources */,
				BE0A502E2971931500F08F62 /* Charactere.swift in Sources */,
				36B955D8296CBD9E006A0467 /* RegisterViewController.swift in Sources */,
				BE3FD8BB2975C0AD0027D364 /* EmptyCollectionViewCell.swift in Sources */,
				BE3F6F31296F62E100E2C124 /* FavoritesView.swift in Sources */,
				BE0A502C297192BB00F08F62 /* CharactersRequest.swift in Sources */,
				BE3F6F2F296F62CE00E2C124 /* FavoritesViewController.swift in Sources */,
				BE0A503629719B1B00F08F62 /* CharacterDetailsViewModel.swift in Sources */,
				BE00C873296E10AC00DC1F3D /* HomeView.swift in Sources */,
				BEDB490629732D140052D419 /* UserData.swift in Sources */,
				BEC5C86E296F52EB00FF977E /* CALayer.swift in Sources */,
				BE4A44FD29700B0000557648 /* FavoritesTableViewCell.swift in Sources */,
				BE00C871296E109F00DC1F3D /* HomeViewController.swift in Sources */,
				36B955D6296CBD87006A0467 /* RegisterView.swift in Sources */,
				BE4A44FB2970075500557648 /* FavoriteCharacter.swift in Sources */,
				BE6C12F629743F4C00CBF71F /* Alert.swift in Sources */,
				36B955B6296CB743006A0467 /* AppDelegate.swift in Sources */,
				BE3FD8B929759A550027D364 /* ErrorCollectionViewCell.swift in Sources */,
				BE0A50342971948C00F08F62 /* HomeViewModel.swift in Sources */,
				36B955B8296CB743006A0467 /* SceneDelegate.swift in Sources */,
				36B955D3296CBCF4006A0467 /* PasswordChangeView.swift in Sources */,
				BE4A450129705F8900557648 /* ProfileView.swift in Sources */,
				BE00C877296E14E800DC1F3D /* HomeCollectionViewCell.swift in Sources */,
			);
			runOnlyForDeploymentPostprocessing = 0;
		};
/* End PBXSourcesBuildPhase section */

/* Begin PBXVariantGroup section */
		36B955C0296CB744006A0467 /* LaunchScreen.storyboard */ = {
			isa = PBXVariantGroup;
			children = (
				36B955C1296CB744006A0467 /* Base */,
			);
			name = LaunchScreen.storyboard;
			sourceTree = "<group>";
		};
/* End PBXVariantGroup section */

/* Begin XCBuildConfiguration section */
		36B955C4296CB744006A0467 /* Debug */ = {
			isa = XCBuildConfiguration;
			buildSettings = {
				ALWAYS_SEARCH_USER_PATHS = NO;
				CLANG_ANALYZER_NONNULL = YES;
				CLANG_ANALYZER_NUMBER_OBJECT_CONVERSION = YES_AGGRESSIVE;
				CLANG_CXX_LANGUAGE_STANDARD = "gnu++20";
				CLANG_ENABLE_MODULES = YES;
				CLANG_ENABLE_OBJC_ARC = YES;
				CLANG_ENABLE_OBJC_WEAK = YES;
				CLANG_WARN_BLOCK_CAPTURE_AUTORELEASING = YES;
				CLANG_WARN_BOOL_CONVERSION = YES;
				CLANG_WARN_COMMA = YES;
				CLANG_WARN_CONSTANT_CONVERSION = YES;
				CLANG_WARN_DEPRECATED_OBJC_IMPLEMENTATIONS = YES;
				CLANG_WARN_DIRECT_OBJC_ISA_USAGE = YES_ERROR;
				CLANG_WARN_DOCUMENTATION_COMMENTS = YES;
				CLANG_WARN_EMPTY_BODY = YES;
				CLANG_WARN_ENUM_CONVERSION = YES;
				CLANG_WARN_INFINITE_RECURSION = YES;
				CLANG_WARN_INT_CONVERSION = YES;
				CLANG_WARN_NON_LITERAL_NULL_CONVERSION = YES;
				CLANG_WARN_OBJC_IMPLICIT_RETAIN_SELF = YES;
				CLANG_WARN_OBJC_LITERAL_CONVERSION = YES;
				CLANG_WARN_OBJC_ROOT_CLASS = YES_ERROR;
				CLANG_WARN_QUOTED_INCLUDE_IN_FRAMEWORK_HEADER = YES;
				CLANG_WARN_RANGE_LOOP_ANALYSIS = YES;
				CLANG_WARN_STRICT_PROTOTYPES = YES;
				CLANG_WARN_SUSPICIOUS_MOVE = YES;
				CLANG_WARN_UNGUARDED_AVAILABILITY = YES_AGGRESSIVE;
				CLANG_WARN_UNREACHABLE_CODE = YES;
				CLANG_WARN__DUPLICATE_METHOD_MATCH = YES;
				COPY_PHASE_STRIP = NO;
				DEBUG_INFORMATION_FORMAT = dwarf;
				ENABLE_STRICT_OBJC_MSGSEND = YES;
				ENABLE_TESTABILITY = YES;
				GCC_C_LANGUAGE_STANDARD = gnu11;
				GCC_DYNAMIC_NO_PIC = NO;
				GCC_NO_COMMON_BLOCKS = YES;
				GCC_OPTIMIZATION_LEVEL = 0;
				GCC_PREPROCESSOR_DEFINITIONS = (
					"DEBUG=1",
					"$(inherited)",
				);
				GCC_WARN_64_TO_32_BIT_CONVERSION = YES;
				GCC_WARN_ABOUT_RETURN_TYPE = YES_ERROR;
				GCC_WARN_UNDECLARED_SELECTOR = YES;
				GCC_WARN_UNINITIALIZED_AUTOS = YES_AGGRESSIVE;
				GCC_WARN_UNUSED_FUNCTION = YES;
				GCC_WARN_UNUSED_VARIABLE = YES;
				IPHONEOS_DEPLOYMENT_TARGET = 16.1;
				MTL_ENABLE_DEBUG_INFO = INCLUDE_SOURCE;
				MTL_FAST_MATH = YES;
				ONLY_ACTIVE_ARCH = YES;
				SDKROOT = iphoneos;
				SWIFT_ACTIVE_COMPILATION_CONDITIONS = DEBUG;
				SWIFT_OPTIMIZATION_LEVEL = "-Onone";
			};
			name = Debug;
		};
		36B955C5296CB744006A0467 /* Release */ = {
			isa = XCBuildConfiguration;
			buildSettings = {
				ALWAYS_SEARCH_USER_PATHS = NO;
				CLANG_ANALYZER_NONNULL = YES;
				CLANG_ANALYZER_NUMBER_OBJECT_CONVERSION = YES_AGGRESSIVE;
				CLANG_CXX_LANGUAGE_STANDARD = "gnu++20";
				CLANG_ENABLE_MODULES = YES;
				CLANG_ENABLE_OBJC_ARC = YES;
				CLANG_ENABLE_OBJC_WEAK = YES;
				CLANG_WARN_BLOCK_CAPTURE_AUTORELEASING = YES;
				CLANG_WARN_BOOL_CONVERSION = YES;
				CLANG_WARN_COMMA = YES;
				CLANG_WARN_CONSTANT_CONVERSION = YES;
				CLANG_WARN_DEPRECATED_OBJC_IMPLEMENTATIONS = YES;
				CLANG_WARN_DIRECT_OBJC_ISA_USAGE = YES_ERROR;
				CLANG_WARN_DOCUMENTATION_COMMENTS = YES;
				CLANG_WARN_EMPTY_BODY = YES;
				CLANG_WARN_ENUM_CONVERSION = YES;
				CLANG_WARN_INFINITE_RECURSION = YES;
				CLANG_WARN_INT_CONVERSION = YES;
				CLANG_WARN_NON_LITERAL_NULL_CONVERSION = YES;
				CLANG_WARN_OBJC_IMPLICIT_RETAIN_SELF = YES;
				CLANG_WARN_OBJC_LITERAL_CONVERSION = YES;
				CLANG_WARN_OBJC_ROOT_CLASS = YES_ERROR;
				CLANG_WARN_QUOTED_INCLUDE_IN_FRAMEWORK_HEADER = YES;
				CLANG_WARN_RANGE_LOOP_ANALYSIS = YES;
				CLANG_WARN_STRICT_PROTOTYPES = YES;
				CLANG_WARN_SUSPICIOUS_MOVE = YES;
				CLANG_WARN_UNGUARDED_AVAILABILITY = YES_AGGRESSIVE;
				CLANG_WARN_UNREACHABLE_CODE = YES;
				CLANG_WARN__DUPLICATE_METHOD_MATCH = YES;
				COPY_PHASE_STRIP = NO;
				DEBUG_INFORMATION_FORMAT = "dwarf-with-dsym";
				ENABLE_NS_ASSERTIONS = NO;
				ENABLE_STRICT_OBJC_MSGSEND = YES;
				GCC_C_LANGUAGE_STANDARD = gnu11;
				GCC_NO_COMMON_BLOCKS = YES;
				GCC_WARN_64_TO_32_BIT_CONVERSION = YES;
				GCC_WARN_ABOUT_RETURN_TYPE = YES_ERROR;
				GCC_WARN_UNDECLARED_SELECTOR = YES;
				GCC_WARN_UNINITIALIZED_AUTOS = YES_AGGRESSIVE;
				GCC_WARN_UNUSED_FUNCTION = YES;
				GCC_WARN_UNUSED_VARIABLE = YES;
				IPHONEOS_DEPLOYMENT_TARGET = 16.1;
				MTL_ENABLE_DEBUG_INFO = NO;
				MTL_FAST_MATH = YES;
				SDKROOT = iphoneos;
				SWIFT_COMPILATION_MODE = wholemodule;
				SWIFT_OPTIMIZATION_LEVEL = "-O";
				VALIDATE_PRODUCT = YES;
			};
			name = Release;
		};
		36B955C7296CB744006A0467 /* Debug */ = {
			isa = XCBuildConfiguration;
			buildSettings = {
				ASSETCATALOG_COMPILER_APPICON_NAME = AppIcon;
				ASSETCATALOG_COMPILER_GLOBAL_ACCENT_COLOR_NAME = AccentColor;
				CODE_SIGN_STYLE = Automatic;
				CURRENT_PROJECT_VERSION = 1;
				GENERATE_INFOPLIST_FILE = YES;
				INFOPLIST_FILE = "Harry Potter/Info.plist";
				INFOPLIST_KEY_UIApplicationSupportsIndirectInputEvents = YES;
				INFOPLIST_KEY_UILaunchStoryboardName = LaunchScreen;
				INFOPLIST_KEY_UIMainStoryboardFile = "";
				INFOPLIST_KEY_UISupportedInterfaceOrientations_iPad = "UIInterfaceOrientationPortrait UIInterfaceOrientationPortraitUpsideDown UIInterfaceOrientationLandscapeLeft UIInterfaceOrientationLandscapeRight";
				INFOPLIST_KEY_UISupportedInterfaceOrientations_iPhone = "UIInterfaceOrientationPortrait UIInterfaceOrientationLandscapeLeft UIInterfaceOrientationLandscapeRight";
				LD_RUNPATH_SEARCH_PATHS = (
					"$(inherited)",
					"@executable_path/Frameworks",
				);
				MARKETING_VERSION = 1.0;
				PRODUCT_BUNDLE_IDENTIFIER = "backfront.Harry-Potter";
				PRODUCT_NAME = "$(TARGET_NAME)";
				SWIFT_EMIT_LOC_STRINGS = YES;
				SWIFT_VERSION = 5.0;
				TARGETED_DEVICE_FAMILY = "1,2";
			};
			name = Debug;
		};
		36B955C8296CB744006A0467 /* Release */ = {
			isa = XCBuildConfiguration;
			buildSettings = {
				ASSETCATALOG_COMPILER_APPICON_NAME = AppIcon;
				ASSETCATALOG_COMPILER_GLOBAL_ACCENT_COLOR_NAME = AccentColor;
				CODE_SIGN_STYLE = Automatic;
				CURRENT_PROJECT_VERSION = 1;
				GENERATE_INFOPLIST_FILE = YES;
				INFOPLIST_FILE = "Harry Potter/Info.plist";
				INFOPLIST_KEY_UIApplicationSupportsIndirectInputEvents = YES;
				INFOPLIST_KEY_UILaunchStoryboardName = LaunchScreen;
				INFOPLIST_KEY_UIMainStoryboardFile = "";
				INFOPLIST_KEY_UISupportedInterfaceOrientations_iPad = "UIInterfaceOrientationPortrait UIInterfaceOrientationPortraitUpsideDown UIInterfaceOrientationLandscapeLeft UIInterfaceOrientationLandscapeRight";
				INFOPLIST_KEY_UISupportedInterfaceOrientations_iPhone = "UIInterfaceOrientationPortrait UIInterfaceOrientationLandscapeLeft UIInterfaceOrientationLandscapeRight";
				LD_RUNPATH_SEARCH_PATHS = (
					"$(inherited)",
					"@executable_path/Frameworks",
				);
				MARKETING_VERSION = 1.0;
				PRODUCT_BUNDLE_IDENTIFIER = "backfront.Harry-Potter";
				PRODUCT_NAME = "$(TARGET_NAME)";
				SWIFT_EMIT_LOC_STRINGS = YES;
				SWIFT_VERSION = 5.0;
				TARGETED_DEVICE_FAMILY = "1,2";
			};
			name = Release;
		};
/* End XCBuildConfiguration section */

/* Begin XCConfigurationList section */
		36B955AD296CB743006A0467 /* Build configuration list for PBXProject "Harry Potter" */ = {
			isa = XCConfigurationList;
			buildConfigurations = (
				36B955C4296CB744006A0467 /* Debug */,
				36B955C5296CB744006A0467 /* Release */,
			);
			defaultConfigurationIsVisible = 0;
			defaultConfigurationName = Release;
		};
		36B955C6296CB744006A0467 /* Build configuration list for PBXNativeTarget "Harry Potter" */ = {
			isa = XCConfigurationList;
			buildConfigurations = (
				36B955C7296CB744006A0467 /* Debug */,
				36B955C8296CB744006A0467 /* Release */,
			);
			defaultConfigurationIsVisible = 0;
			defaultConfigurationName = Release;
		};
/* End XCConfigurationList section */

/* Begin XCRemoteSwiftPackageReference section */
		BE00C863296DF19800DC1F3D /* XCRemoteSwiftPackageReference "firebase-ios-sdk" */ = {
			isa = XCRemoteSwiftPackageReference;
			repositoryURL = "https://github.com/firebase/firebase-ios-sdk.git";
			requirement = {
				kind = upToNextMajorVersion;
				minimumVersion = 9.0.0;
			};
		};
		BE0A502F2971941000F08F62 /* XCRemoteSwiftPackageReference "AlamofireImage" */ = {
			isa = XCRemoteSwiftPackageReference;
			repositoryURL = "https://github.com/Alamofire/AlamofireImage.git";
			requirement = {
				kind = upToNextMajorVersion;
				minimumVersion = 4.2.0;
			};
		};
/* End XCRemoteSwiftPackageReference section */

/* Begin XCSwiftPackageProductDependency section */
		BE00C864296DF19800DC1F3D /* FirebaseAuth */ = {
			isa = XCSwiftPackageProductDependency;
			package = BE00C863296DF19800DC1F3D /* XCRemoteSwiftPackageReference "firebase-ios-sdk" */;
			productName = FirebaseAuth;
		};
		BE00C866296DF19800DC1F3D /* FirebaseFirestore */ = {
			isa = XCSwiftPackageProductDependency;
			package = BE00C863296DF19800DC1F3D /* XCRemoteSwiftPackageReference "firebase-ios-sdk" */;
			productName = FirebaseFirestore;
		};
		BE00C868296DF19800DC1F3D /* FirebaseStorage */ = {
			isa = XCSwiftPackageProductDependency;
			package = BE00C863296DF19800DC1F3D /* XCRemoteSwiftPackageReference "firebase-ios-sdk" */;
			productName = FirebaseStorage;
		};
		BE0A50302971941000F08F62 /* AlamofireImage */ = {
			isa = XCSwiftPackageProductDependency;
			package = BE0A502F2971941000F08F62 /* XCRemoteSwiftPackageReference "AlamofireImage" */;
			productName = AlamofireImage;
		};
/* End XCSwiftPackageProductDependency section */
	};
	rootObject = 36B955AA296CB743006A0467 /* Project object */;
}
